9fans.net/go v0.0.0-20150709035532-65b8cf069318/go.mod h1:diCsxrliIURU9xsYtjCp5AbpQKqdhKmf0ujWDUSkfoY=
9fans.net/go v0.0.0-20180727211846-5d4fa602e1e8 h1:I5as7fR6RT+wVrs+vOeEtOHJ4z2vnUnIR+cqvAiQ80s=
9fans.net/go v0.0.0-20180727211846-5d4fa602e1e8/go.mod h1:diCsxrliIURU9xsYtjCp5AbpQKqdhKmf0ujWDUSkfoY=
github.com/alecthomas/gometalinter v2.0.11+incompatible h1:toROE7pXPU/pUB4lh6ICqUKwpDtmkRCyJIr1nYqmKp0=
github.com/alecthomas/gometalinter v2.0.11+incompatible/go.mod h1:qfIpQGGz3d+NmgyPBqv+LSh50emm1pt72EtcX2vKYQk=
github.com/alecthomas/units v0.0.0-20151022065526-2efee857e7cf h1:qet1QNfXsQxTZqLG4oE62mJzwPIB8+Tee4RNCL9ulrY=
github.com/alecthomas/units v0.0.0-20151022065526-2efee857e7cf/go.mod h1:ybxpYRFXyAe+OPACYpWeL0wqObRcbAqCMya13uyzqw0=
github.com/confluentinc/confluent-kafka-go v0.11.4/go.mod h1:u2zNLny2xq+5rWeTQjFHbDzzNuba4P1vo31r9r4uAdg=
github.com/confluentinc/confluent-kafka-go v0.11.6 h1:rEblubnNXCjRThwAGnFSzLKYIRAoXLDC3A9r4ciziHU=
github.com/confluentinc/confluent-kafka-go v0.11.6/go.mod h1:u2zNLny2xq+5rWeTQjFHbDzzNuba4P1vo31r9r4uAdg=
github.com/fatih/camelcase v1.0.0 h1:hxNvNX/xYBp0ovncs8WyWZrOrpBNub/JfaMvbURyft8=
github.com/fatih/camelcase v1.0.0/go.mod h1:yN2Sb0lFhZJUdVvtELVWefmrXpuZESvPmqwoZc+/fpc=
github.com/fatih/gomodifytags v0.0.0-20180914191908-141225bf62b6 h1:iXJdM8Uob6EPOG/PFr5q0J124ysiZdJfACHqICBb3b8=
github.com/fatih/gomodifytags v0.0.0-20180914191908-141225bf62b6/go.mod h1:p2/x7bnOQsbq/deXsDIlj2yLiKFGPkD2nuoYqwn8R4Y=
github.com/fatih/structtag v1.0.0 h1:pTHj65+u3RKWYPSGaU290FpI/dXxTaHdVwVwbcPKmEc=
github.com/fatih/structtag v1.0.0/go.mod h1:IKitwq45uXL/yqi5mYghiD3w9H6eTOvI9vnk8tXMphA=
github.com/go-playground/locales v0.12.1 h1:2FITxuFt/xuCNP1Acdhv62OzaCiviiE4kotfhkmOqEc=
github.com/go-playground/locales v0.12.1/go.mod h1:IUMDtCfWo/w/mtMfIE/IG2K+Ey3ygWanZIBtBW0W2TM=
github.com/go-playground/universal-translator v0.16.0 h1:X++omBR/4cE2MNg91AoC3rmGrCjJ8eAeUP/K/EKx4DM=
github.com/go-playground/universal-translator v0.16.0/go.mod h1:1AnU7NaIRDWWzGEKwgtJRd2xk99HeFyHw3yid4rvQIY=
github.com/google/shlex v0.0.0-20150127133951-6f45313302b9 h1:JM174NTeGNJ2m/oLH3UOWOvWQQKd+BoL3hcSCUWFLt0=
github.com/google/shlex v0.0.0-20150127133951-6f45313302b9/go.mod h1:RpwtwJQFrIEPstU94h88MWPXP2ektJZ8cZ0YntAmXiE=
github.com/gorilla/context v1.1.1 h1:AWwleXJkX/nhcU9bZSnZoi3h/qGYqQAGhq6zZe/aQW8=
github.com/gorilla/context v1.1.1/go.mod h1:kBGZzfjB9CEq2AlWe17Uuf7NDRt0dE0s8S51q0aT7Yg=
github.com/gorilla/mux v1.6.2 h1:Pgr17XVTNXAk3q/r4CpKzC5xBM/qW1uVLV+IhRZpIIk=
github.com/gorilla/mux v1.6.2/go.mod h1:1lud6UwP+6orDFRuTfBEV8e9/aOM/c4fVVCaMa2zaAs=
github.com/gorilla/websocket v1.4.0 h1:WDFjx/TMzVgy9VdMMQi2K2Emtwi2QcUQsztZ/zLaH/Q=
github.com/gorilla/websocket v1.4.0/go.mod h1:E7qHFY5m1UJ88s3WnNqhKjPHQ0heANvMoAMk2YaljkQ=
github.com/jeroenrinzema/commander v0.0.0-20181029105915-33833fa962a7 h1:K/HNyUI91dCgw4KOHlP9Uqh7+i4a0uJXV5keG83s5Ws=
github.com/jeroenrinzema/commander v0.0.0-20181029105915-33833fa962a7/go.mod h1:x3F6srx32BwCgwiE1dZN1JqNeu4MRRpCvXFF8MdjyaA=
github.com/jeroenrinzema/commander v0.0.0-20181030201545-556fd8cda149 h1:CIItHhHh2eswjS7/go2TThxLqj1wNnUoAOtveYTvK9I=
github.com/jeroenrinzema/commander v0.0.0-20181030201545-556fd8cda149/go.mod h1:x3F6srx32BwCgwiE1dZN1JqNeu4MRRpCvXFF8MdjyaA=
github.com/jeroenrinzema/commander v0.0.0-20181109155918-2cd72924436d h1:qLIVm5mRCQxRlcpiwW1DCBGXqk6Md6p9MOO3WO/gRIc=
github.com/jeroenrinzema/commander v0.0.0-20181109155918-2cd72924436d/go.mod h1:x3F6srx32BwCgwiE1dZN1JqNeu4MRRpCvXFF8MdjyaA=
github.com/jeroenrinzema/commander v0.0.0-20181109214440-9c69b9b2628a h1:uaL9XuiOeuEMja4LAAA8OPJj0yMMdgMyhwVoXQIk7Uo=
github.com/jeroenrinzema/commander v0.0.0-20181109214440-9c69b9b2628a/go.mod h1:x3F6srx32BwCgwiE1dZN1JqNeu4MRRpCvXFF8MdjyaA=
github.com/jeroenrinzema/commander v0.0.0-20181109225456-949b52209213 h1:VVPJ9wn+gY3M5RfMj4tTk2WIQ35/sz7rbp9JL9QGuEs=
github.com/jeroenrinzema/commander v0.0.0-20181109225456-949b52209213/go.mod h1:x3F6srx32BwCgwiE1dZN1JqNeu4MRRpCvXFF8MdjyaA=
github.com/jeroenrinzema/commander v0.0.0-20181110203400-d3ef495c274e h1:LMrEvVQa/kxXwXaCr5h3imh6vM4HXhllj8leDEb/69M=
github.com/jeroenrinzema/commander v0.0.0-20181110203400-d3ef495c274e/go.mod h1:x3F6srx32BwCgwiE1dZN1JqNeu4MRRpCvXFF8MdjyaA=
github.com/jeroenrinzema/commander v0.0.0-20181110204001-b43325df8f84 h1:aDwAhSd9khvCQyIRmp2rvOdYsgij4IH3dTPLfEjtOKk=
github.com/jeroenrinzema/commander v0.0.0-20181110204001-b43325df8f84/go.mod h1:x3F6srx32BwCgwiE1dZN1JqNeu4MRRpCvXFF8MdjyaA=
github.com/jeroenrinzema/commander v0.0.0-20181110204151-aa7a4409eb93 h1:KekLjQ5Td8u7OCIvtc/TobAGY/0bWSCny7dVd4T1VnY=
github.com/jeroenrinzema/commander v0.0.0-20181110204151-aa7a4409eb93/go.mod h1:x3F6srx32BwCgwiE1dZN1JqNeu4MRRpCvXFF8MdjyaA=
github.com/jeroenrinzema/commander v0.0.0-20181110204957-abf71cf23f2d h1:jvThTq1tKrGJIxWrBL4hV2yJn0V/WndWSuRp6/3OJcY=
github.com/jeroenrinzema/commander v0.0.0-20181110204957-abf71cf23f2d/go.mod h1:x3F6srx32BwCgwiE1dZN1JqNeu4MRRpCvXFF8MdjyaA=
github.com/jinzhu/gorm v1.9.1 h1:lDSDtsCt5AGGSKTs8AHlSDbbgif4G4+CKJ8ETBDVHTA=
github.com/jinzhu/gorm v1.9.1/go.mod h1:Vla75njaFJ8clLU1W44h34PjIkijhjHIYnZxMqCdxqo=
github.com/jinzhu/inflection v0.0.0-20180308033659-04140366298a h1:eeaG9XMUvRBYXJi4pg1ZKM7nxc5AfXfojeLLW7O5J3k=
github.com/jinzhu/inflection v0.0.0-20180308033659-04140366298a/go.mod h1:h+uFLlag+Qp1Va5pdKtLDYj+kHp5pxUVkryuEj+Srlc=
github.com/mdempsky/gocode v0.0.0-20181026172611-5d5a61bb99f0 h1:jd393kFeVJgRq8r9QusOr+EUa5YCm16UNW4IKdIkYHg=
github.com/mdempsky/gocode v0.0.0-20181026172611-5d5a61bb99f0/go.mod h1:hltEC42XzfMNgg0S1v6JTywwra2Mu6F6cLR03debVQ8=
github.com/nicksnyder/go-i18n v1.10.0 h1:5AzlPKvXBH4qBzmZ09Ua9Gipyruv6uApMcrNZdo96+Q=
github.com/nicksnyder/go-i18n v1.10.0/go.mod h1:HrK7VCrbOvQoUAQ7Vpy7i87N7JZZZ7R2xBGjv0j365Q=
github.com/pelletier/go-toml v1.2.0 h1:T5zMGML61Wp+FlcbWjRDT7yAxhJNAiPPLOFECq181zc=
github.com/pelletier/go-toml v1.2.0/go.mod h1:5z9KED0ma1S8pY6P1sdut58dfprrGBbd/94hg7ilaic=
github.com/rogpeppe/godef v1.0.0 h1:+3JM5juQRFS/Vifg5lMHkAtRELpcGicuZXdBmf7NIhE=
github.com/rogpeppe/godef v1.0.0/go.mod h1:FWOCnfqToTbJkUGS32JdUoCuBBjtBQ3ZawrP7InscsM=
github.com/satori/go.uuid v1.2.0 h1:0uYX9dsZ2yD7q2RtLRtPSdGDWzjeM3TbMJP9utgA0ww=
github.com/satori/go.uuid v1.2.0/go.mod h1:dA0hQrYB0VpLJoorglMZABFdXlWrHn1NEOzdhQKdks0=
github.com/sqs/goreturns v0.0.0-20181028201513-538ac6014518 h1:iD+PFTQwKEmbwSdwfvP5ld2WEI/g7qbdhmHJ2ASfYGs=
github.com/sqs/goreturns v0.0.0-20181028201513-538ac6014518/go.mod h1:CKI4AZ4XmGV240rTHfO0hfE83S6/a3/Q1siZJ/vXf7A=
github.com/stamblerre/gocode v0.0.0-20181016172724-12640289f650 h1:qKG5J3iIwumpmdDXgpioFEv70tXaPNyfWOWPDyfgSQ8=
github.com/stamblerre/gocode v0.0.0-20181016172724-12640289f650/go.mod h1:EM2T8YDoTCvGXbEpFHxarbpv7VE26QD1++Cb1Pbh7Gs=
github.com/sysco-middleware/commander-boilerplate v0.0.0-20180823065741-d9ce9685a7c9 h1:QP/an3D5xxViJbNKx9SwkVu4AiuaKIK8EDVYE1aDJsk=
github.com/sysco-middleware/commander-boilerplate v0.0.0-20180823065741-d9ce9685a7c9/go.mod h1:EEf57TdF4UJeny5t61MAULAL+rJi48xsU4/HHXEkXuM=
github.com/tpng/gopkgs v0.0.0-20180428091733-81e90e22e204 h1:nQYpoEpKTbArT17ogHCrMfsM4CCGiOdtQMuZJxeu8lQ=
github.com/tpng/gopkgs v0.0.0-20180428091733-81e90e22e204/go.mod h1:MwY6Iwya1EJi2InQFe7g/J3Qr7eik70yycN5+sw03hQ=
github.com/zmb3/goaddimport v0.0.0-20170810013102-4ab94a07ab86 h1:ZPLd0Lq6hUxZf4sp+reIpDVBvs0vl60bLZqC1tXYh+E=
github.com/zmb3/goaddimport v0.0.0-20170810013102-4ab94a07ab86/go.mod h1:sFvxt8Ocey4CxNasKkwAzQFtzBRW+tyzTLq4llZlZN0=
github.com/zmb3/gogetdoc v0.0.0-20181026013253-9098cf5fc236 h1:Reprv4hdOBPI3uPhExpzO66xip2wkB8x4ZlFdkxzjoI=
github.com/zmb3/gogetdoc v0.0.0-20181026013253-9098cf5fc236/go.mod h1:dQSkTsdB4CKWfd4Lc322xXPj35Oh545yhenyCPVUBSE=
golang.org/x/tools v0.0.0-20180824175216-6c1c5e93cdc1/go.mod h1:n7NCudcB/nEzxVGmLbDWY5pfWTLqBcC2KZ6jyYvM4mQ=
golang.org/x/tools v0.0.0-20181019005945-6adeb8aab2de/go.mod h1:n7NCudcB/nEzxVGmLbDWY5pfWTLqBcC2KZ6jyYvM4mQ=
golang.org/x/tools v0.0.0-20181026183834-f60e5f99f081 h1:QJP9sxq2/KbTxFnGduVryxJOt6r/UVGyom3tLaqu7tc=
golang.org/x/tools v0.0.0-20181026183834-f60e5f99f081/go.mod h1:n7NCudcB/nEzxVGmLbDWY5pfWTLqBcC2KZ6jyYvM4mQ=
gopkg.in/alecthomas/kingpin.v3-unstable v3.0.0-20180810215634-df19058c872c h1:vTxShRUnK60yd8DZU+f95p1zSLj814+5CuEh7NjF2/Y=
gopkg.in/alecthomas/kingpin.v3-unstable v3.0.0-20180810215634-df19058c872c/go.mod h1:3HH7i1SgMqlzxCcBmUHW657sD4Kvv9sC3HpL3YukzwA=
gopkg.in/check.v1 v0.0.0-20161208181325-20d25e280405/go.mod h1:Co6ibVJAznAaIkqp8huTwlJQCZ016jof/cbN4VW5Yz0=
gopkg.in/go-playground/validator.v9 v9.21.1 h1:5TmeijDXOo30RkyYzQKgnm8h04beTpbW66crEqGUHOk=
gopkg.in/go-playground/validator.v9 v9.21.1/go.mod h1:+c9/zcJMFNgbLvly1L1V+PpxWdVbfP1avr/N00E2vyQ=
gopkg.in/yaml.v2 v2.2.1 h1:mUhvW9EsL+naU5Q3cakzfE91YhliOondGd6ZrsDBHQE=
gopkg.in/yaml.v2 v2.2.1/go.mod h1:hI93XBmqTisBFMUTm0b8Fm+jr3Dg1NNxqwp+5A1VGuI=
